// !$*UTF8*$!
{
	archiveVersion = 1;
	classes = {
	};
	objectVersion = 50;
	objects = {

/* Begin PBXBuildFile section */
		AAED4B93215E339E006D26F6 /* AppDelegate.swift in Sources */ = {isa = PBXBuildFile; fileRef = AAED4B92215E339E006D26F6 /* AppDelegate.swift */; };
		AAED4B95215E339E006D26F6 /* ViewController.swift in Sources */ = {isa = PBXBuildFile; fileRef = AAED4B94215E339E006D26F6 /* ViewController.swift */; };
		AAED4B98215E339E006D26F6 /* Main.storyboard in Resources */ = {isa = PBXBuildFile; fileRef = AAED4B96215E339E006D26F6 /* Main.storyboard */; };
		AAED4B9A215E33A0006D26F6 /* Assets.xcassets in Resources */ = {isa = PBXBuildFile; fileRef = AAED4B99215E33A0006D26F6 /* Assets.xcassets */; };
		AAED4B9D215E33A0006D26F6 /* LaunchScreen.storyboard in Resources */ = {isa = PBXBuildFile; fileRef = AAED4B9B215E33A0006D26F6 /* LaunchScreen.storyboard */; };
		AAED4BA8215E33A0006D26F6 /* iosTests.swift in Sources */ = {isa = PBXBuildFile; fileRef = AAED4BA7215E33A0006D26F6 /* iosTests.swift */; };
		AAED4BB3215E33A0006D26F6 /* iosUITests.swift in Sources */ = {isa = PBXBuildFile; fileRef = AAED4BB2215E33A0006D26F6 /* iosUITests.swift */; };
/* End PBXBuildFile section */

/* Begin PBXContainerItemProxy section */
		AAED4BA4215E33A0006D26F6 /* PBXContainerItemProxy */ = {
			isa = PBXContainerItemProxy;
			containerPortal = AAED4B87215E339E006D26F6 /* Project object */;
			proxyType = 1;
			remoteGlobalIDString = AAED4B8E215E339E006D26F6;
			remoteInfo = ios;
		};
		AAED4BAF215E33A0006D26F6 /* PBXContainerItemProxy */ = {
			isa = PBXContainerItemProxy;
			containerPortal = AAED4B87215E339E006D26F6 /* Project object */;
			proxyType = 1;
			remoteGlobalIDString = AAED4B8E215E339E006D26F6;
			remoteInfo = ios;
		};
/* End PBXContainerItemProxy section */

/* Begin PBXFileReference section */
		AAED4B8F215E339E006D26F6 /* ios.app */ = {isa = PBXFileReference; explicitFileType = wrapper.application; includeInIndex = 0; path = ios.app; sourceTree = BUILT_PRODUCTS_DIR; };
		AAED4B92215E339E006D26F6 /* AppDelegate.swift */ = {isa = PBXFileReference; lastKnownFileType = sourcecode.swift; path = AppDelegate.swift; sourceTree = "<group>"; };
		AAED4B94215E339E006D26F6 /* ViewController.swift */ = {isa = PBXFileReference; lastKnownFileType = sourcecode.swift; path = ViewController.swift; sourceTree = "<group>"; };
		AAED4B97215E339E006D26F6 /* Base */ = {isa = PBXFileReference; lastKnownFileType = file.storyboard; name = Base; path = Base.lproj/Main.storyboard; sourceTree = "<group>"; };
		AAED4B99215E33A0006D26F6 /* Assets.xcassets */ = {isa = PBXFileReference; lastKnownFileType = folder.assetcatalog; path = Assets.xcassets; sourceTree = "<group>"; };
		AAED4B9C215E33A0006D26F6 /* Base */ = {isa = PBXFileReference; lastKnownFileType = file.storyboard; name = Base; path = Base.lproj/LaunchScreen.storyboard; sourceTree = "<group>"; };
		AAED4B9E215E33A0006D26F6 /* Info.plist */ = {isa = PBXFileReference; lastKnownFileType = text.plist.xml; path = Info.plist; sourceTree = "<group>"; };
		AAED4BA3215E33A0006D26F6 /* iosTests.xctest */ = {isa = PBXFileReference; explicitFileType = wrapper.cfbundle; includeInIndex = 0; path = iosTests.xctest; sourceTree = BUILT_PRODUCTS_DIR; };
		AAED4BA7215E33A0006D26F6 /* iosTests.swift */ = {isa = PBXFileReference; lastKnownFileType = sourcecode.swift; path = iosTests.swift; sourceTree = "<group>"; };
		AAED4BA9215E33A0006D26F6 /* Info.plist */ = {isa = PBXFileReference; lastKnownFileType = text.plist.xml; path = Info.plist; sourceTree = "<group>"; };
		AAED4BAE215E33A0006D26F6 /* iosUITests.xctest */ = {isa = PBXFileReference; explicitFileType = wrapper.cfbundle; includeInIndex = 0; path = iosUITests.xctest; sourceTree = BUILT_PRODUCTS_DIR; };
		AAED4BB2215E33A0006D26F6 /* iosUITests.swift */ = {isa = PBXFileReference; lastKnownFileType = sourcecode.swift; path = iosUITests.swift; sourceTree = "<group>"; };
		AAED4BB4215E33A0006D26F6 /* Info.plist */ = {isa = PBXFileReference; lastKnownFileType = text.plist.xml; path = Info.plist; sourceTree = "<group>"; };
/* End PBXFileReference section */

/* Begin PBXFrameworksBuildPhase section */
		AAED4B8C215E339E006D26F6 /* Frameworks */ = {
			isa = PBXFrameworksBuildPhase;
			buildActionMask = 2147483647;
			files = (
			);
			runOnlyForDeploymentPostprocessing = 0;
		};
		AAED4BA0215E33A0006D26F6 /* Frameworks */ = {
			isa = PBXFrameworksBuildPhase;
			buildActionMask = 2147483647;
			files = (
			);
			runOnlyForDeploymentPostprocessing = 0;
		};
		AAED4BAB215E33A0006D26F6 /* Frameworks */ = {
			isa = PBXFrameworksBuildPhase;
			buildActionMask = 2147483647;
			files = (
			);
			runOnlyForDeploymentPostprocessing = 0;
		};
/* End PBXFrameworksBuildPhase section */

/* Begin PBXGroup section */
		AAED4B86215E339E006D26F6 = {
			isa = PBXGroup;
			children = (
				AAED4B91215E339E006D26F6 /* ios */,
				AAED4BA6215E33A0006D26F6 /* iosTests */,
				AAED4BB1215E33A0006D26F6 /* iosUITests */,
				AAED4B90215E339E006D26F6 /* Products */,
			);
			sourceTree = "<group>";
		};
		AAED4B90215E339E006D26F6 /* Products */ = {
			isa = PBXGroup;
			children = (
				AAED4B8F215E339E006D26F6 /* ios.app */,
				AAED4BA3215E33A0006D26F6 /* iosTests.xctest */,
				AAED4BAE215E33A0006D26F6 /* iosUITests.xctest */,
			);
			name = Products;
			sourceTree = "<group>";
		};
		AAED4B91215E339E006D26F6 /* ios */ = {
			isa = PBXGroup;
			children = (
				AAED4B92215E339E006D26F6 /* AppDelegate.swift */,
				AAED4B94215E339E006D26F6 /* ViewController.swift */,
				AAED4B96215E339E006D26F6 /* Main.storyboard */,
				AAED4B99215E33A0006D26F6 /* Assets.xcassets */,
				AAED4B9B215E33A0006D26F6 /* LaunchScreen.storyboard */,
				AAED4B9E215E33A0006D26F6 /* Info.plist */,
			);
			path = ios;
			sourceTree = "<group>";
		};
		AAED4BA6215E33A0006D26F6 /* iosTests */ = {
			isa = PBXGroup;
			children = (
				AAED4BA7215E33A0006D26F6 /* iosTests.swift */,
				AAED4BA9215E33A0006D26F6 /* Info.plist */,
			);
			path = iosTests;
			sourceTree = "<group>";
		};
		AAED4BB1215E33A0006D26F6 /* iosUITests */ = {
			isa = PBXGroup;
			children = (
				AAED4BB2215E33A0006D26F6 /* iosUITests.swift */,
				AAED4BB4215E33A0006D26F6 /* Info.plist */,
			);
			path = iosUITests;
			sourceTree = "<group>";
		};
/* End PBXGroup section */

/* Begin PBXNativeTarget section */
		AAED4B8E215E339E006D26F6 /* ios */ = {
			isa = PBXNativeTarget;
			buildConfigurationList = AAED4BB7215E33A0006D26F6 /* Build configuration list for PBXNativeTarget "ios" */;
			buildPhases = (
				AAED4B8B215E339E006D26F6 /* Sources */,
				AAED4B8C215E339E006D26F6 /* Frameworks */,
				AAED4B8D215E339E006D26F6 /* Resources */,
			);
			buildRules = (
			);
			dependencies = (
			);
			name = ios;
			productName = ios;
			productReference = AAED4B8F215E339E006D26F6 /* ios.app */;
			productType = "com.apple.product-type.application";
		};
		AAED4BA2215E33A0006D26F6 /* iosTests */ = {
			isa = PBXNativeTarget;
			buildConfigurationList = AAED4BBA215E33A0006D26F6 /* Build configuration list for PBXNativeTarget "iosTests" */;
			buildPhases = (
				AAED4B9F215E33A0006D26F6 /* Sources */,
				AAED4BA0215E33A0006D26F6 /* Frameworks */,
				AAED4BA1215E33A0006D26F6 /* Resources */,
			);
			buildRules = (
			);
			dependencies = (
				AAED4BA5215E33A0006D26F6 /* PBXTargetDependency */,
			);
			name = iosTests;
			productName = iosTests;
			productReference = AAED4BA3215E33A0006D26F6 /* iosTests.xctest */;
			productType = "com.apple.product-type.bundle.unit-test";
		};
		AAED4BAD215E33A0006D26F6 /* iosUITests */ = {
			isa = PBXNativeTarget;
			buildConfigurationList = AAED4BBD215E33A0006D26F6 /* Build configuration list for PBXNativeTarget "iosUITests" */;
			buildPhases = (
				AAED4BAA215E33A0006D26F6 /* Sources */,
				AAED4BAB215E33A0006D26F6 /* Frameworks */,
				AAED4BAC215E33A0006D26F6 /* Resources */,
			);
			buildRules = (
			);
			dependencies = (
				AAED4BB0215E33A0006D26F6 /* PBXTargetDependency */,
			);
			name = iosUITests;
			productName = iosUITests;
			productReference = AAED4BAE215E33A0006D26F6 /* iosUITests.xctest */;
			productType = "com.apple.product-type.bundle.ui-testing";
		};
/* End PBXNativeTarget section */

/* Begin PBXProject section */
		AAED4B87215E339E006D26F6 /* Project object */ = {
			isa = PBXProject;
			attributes = {
				LastSwiftUpdateCheck = 0940;
				LastUpgradeCheck = 0940;
				ORGANIZATIONNAME = "Zhiyu Ding";
				TargetAttributes = {
					AAED4B8E215E339E006D26F6 = {
						CreatedOnToolsVersion = 9.4.1;
					};
					AAED4BA2215E33A0006D26F6 = {
						CreatedOnToolsVersion = 9.4.1;
						TestTargetID = AAED4B8E215E339E006D26F6;
					};
					AAED4BAD215E33A0006D26F6 = {
						CreatedOnToolsVersion = 9.4.1;
						TestTargetID = AAED4B8E215E339E006D26F6;
					};
				};
			};
			buildConfigurationList = AAED4B8A215E339E006D26F6 /* Build configuration list for PBXProject "ios" */;
			compatibilityVersion = "Xcode 9.3";
			developmentRegion = en;
			hasScannedForEncodings = 0;
			knownRegions = (
				en,
				Base,
			);
			mainGroup = AAED4B86215E339E006D26F6;
			productRefGroup = AAED4B90215E339E006D26F6 /* Products */;
			projectDirPath = "";
			projectRoot = "";
			targets = (
				AAED4B8E215E339E006D26F6 /* ios */,
				AAED4BA2215E33A0006D26F6 /* iosTests */,
				AAED4BAD215E33A0006D26F6 /* iosUITests */,
			);
		};
/* End PBXProject section */

/* Begin PBXResourcesBuildPhase section */
		AAED4B8D215E339E006D26F6 /* Resources */ = {
			isa = PBXResourcesBuildPhase;
			buildActionMask = 2147483647;
			files = (
				AAED4B9D215E33A0006D26F6 /* LaunchScreen.storyboard in Resources */,
				AAED4B9A215E33A0006D26F6 /* Assets.xcassets in Resources */,
				AAED4B98215E339E006D26F6 /* Main.storyboard in Resources */,
			);
			runOnlyForDeploymentPostprocessing = 0;
		};
		AAED4BA1215E33A0006D26F6 /* Resources */ = {
			isa = PBXResourcesBuildPhase;
			buildActionMask = 2147483647;
			files = (
			);
			runOnlyForDeploymentPostprocessing = 0;
		};
		AAED4BAC215E33A0006D26F6 /* Resources */ = {
			isa = PBXResourcesBuildPhase;
			buildActionMask = 2147483647;
			files = (
			);
			runOnlyForDeploymentPostprocessing = 0;
		};
/* End PBXResourcesBuildPhase section */

/* Begin PBXSourcesBuildPhase section */
		AAED4B8B215E339E006D26F6 /* Sources */ = {
			isa = PBXSourcesBuildPhase;
			buildActionMask = 2147483647;
			files = (
				AAED4B95215E339E006D26F6 /* ViewController.swift in Sources */,
				AAED4B93215E339E006D26F6 /* AppDelegate.swift in Sources */,
			);
			runOnlyForDeploymentPostprocessing = 0;
		};
		AAED4B9F215E33A0006D26F6 /* Sources */ = {
			isa = PBXSourcesBuildPhase;
			buildActionMask = 2147483647;
			files = (
				AAED4BA8215E33A0006D26F6 /* iosTests.swift in Sources */,
			);
			runOnlyForDeploymentPostprocessing = 0;
		};
		AAED4BAA215E33A0006D26F6 /* Sources */ = {
			isa = PBXSourcesBuildPhase;
			buildActionMask = 2147483647;
			files = (
				AAED4BB3215E33A0006D26F6 /* iosUITests.swift in Sources */,
			);
			runOnlyForDeploymentPostprocessing = 0;
		};
/* End PBXSourcesBuildPhase section */

/* Begin PBXTargetDependency section */
		AAED4BA5215E33A0006D26F6 /* PBXTargetDependency */ = {
			isa = PBXTargetDependency;
			target = AAED4B8E215E339E006D26F6 /* ios */;
			targetProxy = AAED4BA4215E33A0006D26F6 /* PBXContainerItemProxy */;
		};
		AAED4BB0215E33A0006D26F6 /* PBXTargetDependency */ = {
			isa = PBXTargetDependency;
			target = AAED4B8E215E339E006D26F6 /* ios */;
			targetProxy = AAED4BAF215E33A0006D26F6 /* PBXContainerItemProxy */;
		};
/* End PBXTargetDependency section */

/* Begin PBXVariantGroup section */
		AAED4B96215E339E006D26F6 /* Main.storyboard */ = {
			isa = PBXVariantGroup;
			children = (
				AAED4B97215E339E006D26F6 /* Base */,
			);
			name = Main.storyboard;
			sourceTree = "<group>";
		};
		AAED4B9B215E33A0006D26F6 /* LaunchScreen.storyboard */ = {
			isa = PBXVariantGroup;
			children = (
				AAED4B9C215E33A0006D26F6 /* Base */,
			);
			name = LaunchScreen.storyboard;
			sourceTree = "<group>";
		};
/* End PBXVariantGroup section */

/* Begin XCBuildConfiguration section */
		AAED4BB5215E33A0006D26F6 /* Debug */ = {
			isa = XCBuildConfiguration;
			buildSettings = {
				ALWAYS_SEARCH_USER_PATHS = NO;
				CLANG_ANALYZER_NONNULL = YES;
				CLANG_ANALYZER_NUMBER_OBJECT_CONVERSION = YES_AGGRESSIVE;
				CLANG_CXX_LANGUAGE_STANDARD = "gnu++14";
				CLANG_CXX_LIBRARY = "libc++";
				CLANG_ENABLE_MODULES = YES;
				CLANG_ENABLE_OBJC_ARC = YES;
				CLANG_ENABLE_OBJC_WEAK = YES;
				CLANG_WARN_BLOCK_CAPTURE_AUTORELEASING = YES;
				CLANG_WARN_BOOL_CONVERSION = YES;
				CLANG_WARN_COMMA = YES;
				CLANG_WARN_CONSTANT_CONVERSION = YES;
				CLANG_WARN_DEPRECATED_OBJC_IMPLEMENTATIONS = YES;
				CLANG_WARN_DIRECT_OBJC_ISA_USAGE = YES_ERROR;
				CLANG_WARN_DOCUMENTATION_COMMENTS = YES;
				CLANG_WARN_EMPTY_BODY = YES;
				CLANG_WARN_ENUM_CONVERSION = YES;
				CLANG_WARN_INFINITE_RECURSION = YES;
				CLANG_WARN_INT_CONVERSION = YES;
				CLANG_WARN_NON_LITERAL_NULL_CONVERSION = YES;
				CLANG_WARN_OBJC_IMPLICIT_RETAIN_SELF = YES;
				CLANG_WARN_OBJC_LITERAL_CONVERSION = YES;
				CLANG_WARN_OBJC_ROOT_CLASS = YES_ERROR;
				CLANG_WARN_RANGE_LOOP_ANALYSIS = YES;
				CLANG_WARN_STRICT_PROTOTYPES = YES;
				CLANG_WARN_SUSPICIOUS_MOVE = YES;
				CLANG_WARN_UNGUARDED_AVAILABILITY = YES_AGGRESSIVE;
				CLANG_WARN_UNREACHABLE_CODE = YES;
				CLANG_WARN__DUPLICATE_METHOD_MATCH = YES;
				CODE_SIGN_IDENTITY = "iPhone Developer";
				COPY_PHASE_STRIP = NO;
				DEBUG_INFORMATION_FORMAT = dwarf;
				ENABLE_STRICT_OBJC_MSGSEND = YES;
				ENABLE_TESTABILITY = YES;
				GCC_C_LANGUAGE_STANDARD = gnu11;
				GCC_DYNAMIC_NO_PIC = NO;
				GCC_NO_COMMON_BLOCKS = YES;
				GCC_OPTIMIZATION_LEVEL = 0;
				GCC_PREPROCESSOR_DEFINITIONS = (
					"DEBUG=1",
					"$(inherited)",
				);
				GCC_WARN_64_TO_32_BIT_CONVERSION = YES;
				GCC_WARN_ABOUT_RETURN_TYPE = YES_ERROR;
				GCC_WARN_UNDECLARED_SELECTOR = YES;
				GCC_WARN_UNINITIALIZED_AUTOS = YES_AGGRESSIVE;
				GCC_WARN_UNUSED_FUNCTION = YES;
				GCC_WARN_UNUSED_VARIABLE = YES;
				IPHONEOS_DEPLOYMENT_TARGET = 11.4;
				MTL_ENABLE_DEBUG_INFO = YES;
				ONLY_ACTIVE_ARCH = YES;
				SDKROOT = iphoneos;
				SWIFT_ACTIVE_COMPILATION_CONDITIONS = DEBUG;
				SWIFT_OPTIMIZATION_LEVEL = "-Onone";
			};
			name = Debug;
		};
		AAED4BB6215E33A0006D26F6 /* Release */ = {
			isa = XCBuildConfiguration;
			buildSettings = {
				ALWAYS_SEARCH_USER_PATHS = NO;
				CLANG_ANALYZER_NONNULL = YES;
				CLANG_ANALYZER_NUMBER_OBJECT_CONVERSION = YES_AGGRESSIVE;
				CLANG_CXX_LANGUAGE_STANDARD = "gnu++14";
				CLANG_CXX_LIBRARY = "libc++";
				CLANG_ENABLE_MODULES = YES;
				CLANG_ENABLE_OBJC_ARC = YES;
				CLANG_ENABLE_OBJC_WEAK = YES;
				CLANG_WARN_BLOCK_CAPTURE_AUTORELEASING = YES;
				CLANG_WARN_BOOL_CONVERSION = YES;
				CLANG_WARN_COMMA = YES;
				CLANG_WARN_CONSTANT_CONVERSION = YES;
				CLANG_WARN_DEPRECATED_OBJC_IMPLEMENTATIONS = YES;
				CLANG_WARN_DIRECT_OBJC_ISA_USAGE = YES_ERROR;
				CLANG_WARN_DOCUMENTATION_COMMENTS = YES;
				CLANG_WARN_EMPTY_BODY = YES;
				CLANG_WARN_ENUM_CONVERSION = YES;
				CLANG_WARN_INFINITE_RECURSION = YES;
				CLANG_WARN_INT_CONVERSION = YES;
				CLANG_WARN_NON_LITERAL_NULL_CONVERSION = YES;
				CLANG_WARN_OBJC_IMPLICIT_RETAIN_SELF = YES;
				CLANG_WARN_OBJC_LITERAL_CONVERSION = YES;
				CLANG_WARN_OBJC_ROOT_CLASS = YES_ERROR;
				CLANG_WARN_RANGE_LOOP_ANALYSIS = YES;
				CLANG_WARN_STRICT_PROTOTYPES = YES;
				CLANG_WARN_SUSPICIOUS_MOVE = YES;
				CLANG_WARN_UNGUARDED_AVAILABILITY = YES_AGGRESSIVE;
				CLANG_WARN_UNREACHABLE_CODE = YES;
				CLANG_WARN__DUPLICATE_METHOD_MATCH = YES;
				CODE_SIGN_IDENTITY = "iPhone Developer";
				COPY_PHASE_STRIP = NO;
				DEBUG_INFORMATION_FORMAT = "dwarf-with-dsym";
				ENABLE_NS_ASSERTIONS = NO;
				ENABLE_STRICT_OBJC_MSGSEND = YES;
				GCC_C_LANGUAGE_STANDARD = gnu11;
				GCC_NO_COMMON_BLOCKS = YES;
				GCC_WARN_64_TO_32_BIT_CONVERSION = YES;
				GCC_WARN_ABOUT_RETURN_TYPE = YES_ERROR;
				GCC_WARN_UNDECLARED_SELECTOR = YES;
				GCC_WARN_UNINITIALIZED_AUTOS = YES_AGGRESSIVE;
				GCC_WARN_UNUSED_FUNCTION = YES;
				GCC_WARN_UNUSED_VARIABLE = YES;
				IPHONEOS_DEPLOYMENT_TARGET = 11.4;
				MTL_ENABLE_DEBUG_INFO = NO;
				SDKROOT = iphoneos;
				SWIFT_COMPILATION_MODE = wholemodule;
				SWIFT_OPTIMIZATION_LEVEL = "-O";
				VALIDATE_PRODUCT = YES;
			};
			name = Release;
		};
		AAED4BB8215E33A0006D26F6 /* Debug */ = {
			isa = XCBuildConfiguration;
			buildSettings = {
				ASSETCATALOG_COMPILER_APPICON_NAME = AppIcon;
				CODE_SIGN_STYLE = Automatic;
				INFOPLIST_FILE = ios/Info.plist;
				LD_RUNPATH_SEARCH_PATHS = (
					"$(inherited)",
					"@executable_path/Frameworks",
				);
				PRODUCT_BUNDLE_IDENTIFIER = au.com.jiangren.ios;
				PRODUCT_NAME = "$(TARGET_NAME)";
				SWIFT_VERSION = 4.0;
				TARGETED_DEVICE_FAMILY = "1,2";
			};
			name = Debug;
		};
		AAED4BB9215E33A0006D26F6 /* Release */ = {
			isa = XCBuildConfiguration;
			buildSettings = {
				ASSETCATALOG_COMPILER_APPICON_NAME = AppIcon;
				CODE_SIGN_STYLE = Automatic;
				INFOPLIST_FILE = ios/Info.plist;
				LD_RUNPATH_SEARCH_PATHS = (
					"$(inherited)",
					"@executable_path/Frameworks",
				);
				PRODUCT_BUNDLE_IDENTIFIER = au.com.jiangren.ios;
				PRODUCT_NAME = "$(TARGET_NAME)";
				SWIFT_VERSION = 4.0;
				TARGETED_DEVICE_FAMILY = "1,2";
			};
			name = Release;
		};
		AAED4BBB215E33A0006D26F6 /* Debug */ = {
			isa = XCBuildConfiguration;
			buildSettings = {
				ALWAYS_EMBED_SWIFT_STANDARD_LIBRARIES = YES;
				BUNDLE_LOADER = "$(TEST_HOST)";
				CODE_SIGN_STYLE = Automatic;
				INFOPLIST_FILE = iosTests/Info.plist;
				LD_RUNPATH_SEARCH_PATHS = (
					"$(inherited)",
					"@executable_path/Frameworks",
					"@loader_path/Frameworks",
				);
				PRODUCT_BUNDLE_IDENTIFIER = au.com.jiangren.iosTests;
				PRODUCT_NAME = "$(TARGET_NAME)";
				SWIFT_VERSION = 4.0;
				TARGETED_DEVICE_FAMILY = "1,2";
				TEST_HOST = "$(BUILT_PRODUCTS_DIR)/ios.app/ios";
			};
			name = Debug;
		};
		AAED4BBC215E33A0006D26F6 /* Release */ = {
			isa = XCBuildConfiguration;
			buildSettings = {
				ALWAYS_EMBED_SWIFT_STANDARD_LIBRARIES = YES;
				BUNDLE_LOADER = "$(TEST_HOST)";
				CODE_SIGN_STYLE = Automatic;
				INFOPLIST_FILE = iosTests/Info.plist;
				LD_RUNPATH_SEARCH_PATHS = (
					"$(inherited)",
					"@executable_path/Frameworks",
					"@loader_path/Frameworks",
				);
				PRODUCT_BUNDLE_IDENTIFIER = au.com.jiangren.iosTests;
				PRODUCT_NAME = "$(TARGET_NAME)";
				SWIFT_VERSION = 4.0;
				TARGETED_DEVICE_FAMILY = "1,2";
				TEST_HOST = "$(BUILT_PRODUCTS_DIR)/ios.app/ios";
			};
			name = Release;
		};
		AAED4BBE215E33A0006D26F6 /* Debug */ = {
			isa = XCBuildConfiguration;
			buildSettings = {
				ALWAYS_EMBED_SWIFT_STANDARD_LIBRARIES = YES;
				CODE_SIGN_STYLE = Automatic;
				INFOPLIST_FILE = iosUITests/Info.plist;
				LD_RUNPATH_SEARCH_PATHS = (
					"$(inherited)",
					"@executable_path/Frameworks",
					"@loader_path/Frameworks",
				);
				PRODUCT_BUNDLE_IDENTIFIER = au.com.jiangren.iosUITests;
				PRODUCT_NAME = "$(TARGET_NAME)";
				SWIFT_VERSION = 4.0;
				TARGETED_DEVICE_FAMILY = "1,2";
				TEST_TARGET_NAME = ios;
			};
			name = Debug;
		};
		AAED4BBF215E33A0006D26F6 /* Release */ = {
			isa = XCBuildConfiguration;
			buildSettings = {
				ALWAYS_EMBED_SWIFT_STANDARD_LIBRARIES = YES;
				CODE_SIGN_STYLE = Automatic;
				INFOPLIST_FILE = iosUITests/Info.plist;
				LD_RUNPATH_SEARCH_PATHS = (
					"$(inherited)",
					"@executable_path/Frameworks",
					"@loader_path/Frameworks",
				);
				PRODUCT_BUNDLE_IDENTIFIER = au.com.jiangren.iosUITests;
				PRODUCT_NAME = "$(TARGET_NAME)";
				SWIFT_VERSION = 4.0;
				TARGETED_DEVICE_FAMILY = "1,2";
				TEST_TARGET_NAME = ios;
			};
			name = Release;
		};
/* End XCBuildConfiguration section */

/* Begin XCConfigurationList section */
		AAED4B8A215E339E006D26F6 /* Build configuration list for PBXProject "ios" */ = {
			isa = XCConfigurationList;
			buildConfigurations = (
				AAED4BB5215E33A0006D26F6 /* Debug */,
				AAED4BB6215E33A0006D26F6 /* Release */,
			);
			defaultConfigurationIsVisible = 0;
			defaultConfigurationName = Release;
		};
		AAED4BB7215E33A0006D26F6 /* Build configuration list for PBXNativeTarget "ios" */ = {
			isa = XCConfigurationList;
			buildConfigurations = (
				AAED4BB8215E33A0006D26F6 /* Debug */,
				AAED4BB9215E33A0006D26F6 /* Release */,
			);
			defaultConfigurationIsVisible = 0;
			defaultConfigurationName = Release;
		};
		AAED4BBA215E33A0006D26F6 /* Build configuration list for PBXNativeTarget "iosTests" */ = {
			isa = XCConfigurationList;
			buildConfigurations = (
				AAED4BBB215E33A0006D26F6 /* Debug */,
				AAED4BBC215E33A0006D26F6 /* Release */,
			);
			defaultConfigurationIsVisible = 0;
			defaultConfigurationName = Release;
		};
		AAED4BBD215E33A0006D26F6 /* Build configuration list for PBXNativeTarget "iosUITests" */ = {
			isa = XCConfigurationList;
			buildConfigurations = (
				AAED4BBE215E33A0006D26F6 /* Debug */,
				AAED4BBF215E33A0006D26F6 /* Release */,
			);
			defaultConfigurationIsVisible = 0;
			defaultConfigurationName = Release;
		};
/* End XCConfigurationList section */
	};
	rootObject = AAED4B87215E339E006D26F6 /* Project object */;
}
